
Microsoft Visual Studio Solution File, Format Version 12.00
# Visual Studio 14
VisualStudioVersion = 14.0.25420.1
MinimumVisualStudioVersion = 10.0.40219.1
Project("{FAE04EC0-301F-11D3-BF4B-00C04F79EFBC}") = "DSO", "DSO\DSO.csproj", "{67CE74DA-C14E-4B52-A762-6E1AEE4CFF14}"
EndProject
Project("{FAE04EC0-301F-11D3-BF4B-00C04F79EFBC}") = "DSOTests", "DSOTests\DSOTests.csproj", "{FFDE3081-0153-45E6-8547-AE15BBDBF6C7}"
EndProject
Global
	GlobalSection(SolutionConfigurationPlatforms) = preSolution
		Debug|Any CPU = Debug|Any CPU
		Release|Any CPU = Release|Any CPU
	EndGlobalSection
	GlobalSection(ProjectConfigurationPlatforms) = postSolution
		{67CE74DA-C14E-4B52-A762-6E1AEE4CFF14}.Debug|Any CPU.ActiveCfg = Debug|Any CPU
		{67CE74DA-C14E-4B52-A762-6E1AEE4CFF14}.Debug|Any CPU.Build.0 = Debug|Any CPU
		{67CE74DA-C14E-4B52-A762-6E1AEE4CFF14}.Release|Any CPU.ActiveCfg = Release|Any CPU
		{67CE74DA-C14E-4B52-A762-6E1AEE4CFF14}.Release|Any CPU.Build.0 = Release|Any CPU
		{FFDE3081-0153-45E6-8547-AE15BBDBF6C7}.Debug|Any CPU.ActiveCfg = Debug|Any CPU
		{FFDE3081-0153-45E6-8547-AE15BBDBF6C7}.Debug|Any CPU.Build.0 = Debug|Any CPU
		{FFDE3081-0153-45E6-8547-AE15BBDBF6C7}.Release|Any CPU.ActiveCfg = Release|Any CPU
		{FFDE3081-0153-45E6-8547-AE15BBDBF6C7}.Release|Any CPU.Build.0 = Release|Any CPU
	EndGlobalSection
	GlobalSection(SolutionProperties) = preSolution
		HideSolutionNode = FALSE
	EndGlobalSection
EndGlobal
